Microsoft Visual Studio Solution File, Format Version 11.00
# Visual Studio 2008

Project("{B0215E45-A267-A37E-C6DB-B9E7EB82739E}") = "hamster", "Assembly-CSharp.csproj", "{3B401F5B-8096-0DDA-4186-DC00DF4D9E65}"
EndProject
Project("{B0215E45-A267-A37E-C6DB-B9E7EB82739E}") = "hamster", "Assembly-CSharp-Editor.csproj", "{C53F65B9-1330-98AC-46A3-87F651EFA7FE}"
EndProject
Global
	GlobalSection(SolutionConfigurationPlatforms) = preSolution
		Debug|Any CPU = Debug|Any CPU
		Release|Any CPU = Release|Any CPU
	EndGlobalSection
	GlobalSection(ProjectConfigurationPlatforms) = postSolution
		{3B401F5B-8096-0DDA-4186-DC00DF4D9E65}.Debug|Any CPU.ActiveCfg = Debug|Any CPU
		{3B401F5B-8096-0DDA-4186-DC00DF4D9E65}.Debug|Any CPU.Build.0 = Debug|Any CPU
		{3B401F5B-8096-0DDA-4186-DC00DF4D9E65}.Release|Any CPU.ActiveCfg = Release|Any CPU
		{3B401F5B-8096-0DDA-4186-DC00DF4D9E65}.Release|Any CPU.Build.0 = Release|Any CPU
		{C53F65B9-1330-98AC-46A3-87F651EFA7FE}.Debug|Any CPU.ActiveCfg = Debug|Any CPU
		{C53F65B9-1330-98AC-46A3-87F651EFA7FE}.Debug|Any CPU.Build.0 = Debug|Any CPU
		{C53F65B9-1330-98AC-46A3-87F651EFA7FE}.Release|Any CPU.ActiveCfg = Release|Any CPU
		{C53F65B9-1330-98AC-46A3-87F651EFA7FE}.Release|Any CPU.Build.0 = Release|Any CPU
	EndGlobalSection
	GlobalSection(SolutionProperties) = preSolution
		HideSolutionNode = FALSE
	EndGlobalSection
	GlobalSection(MonoDevelopProperties) = preSolution
		StartupItem = Assembly-CSharp.csproj
	EndGlobalSection
EndGlobal
