<<<<<<< HEAD
﻿
Microsoft Visual Studio Solution File, Format Version 12.00
# Visual Studio 2015
Project("{FAE04EC0-301F-11D3-BF4B-00C04F79EFBC}") = "hamster.CSharp", "hamster.CSharp.csproj", "{E180F03C-3199-286F-4527-3E040D58478A}"
EndProject
Project("{FAE04EC0-301F-11D3-BF4B-00C04F79EFBC}") = "hamster.CSharp.Editor", "hamster.CSharp.Editor.csproj", "{90AC6940-7F6A-5A3B-0087-5E011344519E}"
EndProject
Global
	GlobalSection(SolutionConfigurationPlatforms) = preSolution
		Debug|Any CPU = Debug|Any CPU
		Release|Any CPU = Release|Any CPU
	EndGlobalSection
	GlobalSection(ProjectConfigurationPlatforms) = postSolution
		{E180F03C-3199-286F-4527-3E040D58478A}.Debug|Any CPU.ActiveCfg = Debug|Any CPU
		{E180F03C-3199-286F-4527-3E040D58478A}.Debug|Any CPU.Build.0 = Debug|Any CPU
		{E180F03C-3199-286F-4527-3E040D58478A}.Release|Any CPU.ActiveCfg = Release|Any CPU
		{E180F03C-3199-286F-4527-3E040D58478A}.Release|Any CPU.Build.0 = Release|Any CPU
		{90AC6940-7F6A-5A3B-0087-5E011344519E}.Debug|Any CPU.ActiveCfg = Debug|Any CPU
		{90AC6940-7F6A-5A3B-0087-5E011344519E}.Debug|Any CPU.Build.0 = Debug|Any CPU
		{90AC6940-7F6A-5A3B-0087-5E011344519E}.Release|Any CPU.ActiveCfg = Release|Any CPU
		{90AC6940-7F6A-5A3B-0087-5E011344519E}.Release|Any CPU.Build.0 = Release|Any CPU
	EndGlobalSection
	GlobalSection(SolutionProperties) = preSolution
		HideSolutionNode = FALSE
	EndGlobalSection
EndGlobal
=======
Microsoft Visual Studio Solution File, Format Version 11.00
# Visual Studio 2008


Global
	GlobalSection(SolutionConfigurationPlatforms) = preSolution
		Debug|Any CPU = Debug|Any CPU
		Release|Any CPU = Release|Any CPU
	EndGlobalSection
	GlobalSection(ProjectConfigurationPlatforms) = postSolution

	EndGlobalSection
	GlobalSection(SolutionProperties) = preSolution
		HideSolutionNode = FALSE
	EndGlobalSection
	GlobalSection(MonoDevelopProperties) = preSolution
		StartupItem = Assembly-CSharp.csproj
	EndGlobalSection
EndGlobal
>>>>>>> e52b81cdde3c8576402a64c96d7e76063e2772b4
